{
  "pins" : [
    {
      "identity" : "ketch-ios",
      "kind" : "remoteSourceControl",
      "location" : "https://github.com/ketch-sdk/ketch-ios.git",
      "state" : {
        "branch" : "lib",
        "revision" : "7762789553519f9cd623e11f0a5c971996b8f87d"
      }
    }
  ],
  "version" : 2
}
