// !$*UTF8*$!
{
	archiveVersion = 1;
	classes = {
	};
	objectVersion = 56;
	objects = {

/* Begin PBXBuildFile section */
		D043EC1B2D125BD000993F05 /* AppDelegate.swift in Sources */ = {isa = PBXBuildFile; fileRef = D043EC1A2D125BD000993F05 /* AppDelegate.swift */; };
		D043EC1D2D125BD000993F05 /* SceneDelegate.swift in Sources */ = {isa = PBXBuildFile; fileRef = D043EC1C2D125BD000993F05 /* SceneDelegate.swift */; };
		D043EC222D125BD000993F05 /* Base in Resources */ = {isa = PBXBuildFile; fileRef = D043EC212D125BD000993F05 /* Base */; };
		D043EC242D125BD200993F05 /* Assets.xcassets in Resources */ = {isa = PBXBuildFile; fileRef = D043EC232D125BD200993F05 /* Assets.xcassets */; };
		D043EC272D125BD200993F05 /* Base in Resources */ = {isa = PBXBuildFile; fileRef = D043EC262D125BD200993F05 /* Base */; };
		F420CC68223DA9A99FBCD0E1 /* Pods_ketch_ios_uikit_sample.framework in Frameworks */ = {isa = PBXBuildFile; fileRef = 280E5D5E5B4709CB4DF7465F /* Pods_ketch_ios_uikit_sample.framework */; };
		FCAEA9B52D660D81003FA5CA /* ViewController.swift in Sources */ = {isa = PBXBuildFile; fileRef = FCAEA9B42D660D7D003FA5CA /* ViewController.swift */; };
/* End PBXBuildFile section */

/* Begin PBXFileReference section */
		280E5D5E5B4709CB4DF7465F /* Pods_ketch_ios_uikit_sample.framework */ = {isa = PBXFileReference; explicitFileType = wrapper.framework; includeInIndex = 0; path = Pods_ketch_ios_uikit_sample.framework; sourceTree = BUILT_PRODUCTS_DIR; };
		5947CBA13BFAC71A2FCEBFB4 /* Pods-ketch-ios-uikit-sample.release.xcconfig */ = {isa = PBXFileReference; includeInIndex = 1; lastKnownFileType = text.xcconfig; name = "Pods-ketch-ios-uikit-sample.release.xcconfig"; path = "Target Support Files/Pods-ketch-ios-uikit-sample/Pods-ketch-ios-uikit-sample.release.xcconfig"; sourceTree = "<group>"; };
		668DC677E80E91DB6C51A98C /* Pods-ketch-ios-uikit-sample.debug.xcconfig */ = {isa = PBXFileReference; includeInIndex = 1; lastKnownFileType = text.xcconfig; name = "Pods-ketch-ios-uikit-sample.debug.xcconfig"; path = "Target Support Files/Pods-ketch-ios-uikit-sample/Pods-ketch-ios-uikit-sample.debug.xcconfig"; sourceTree = "<group>"; };
		D043EC172D125BD000993F05 /* ketch-ios-uikit-sample.app */ = {isa = PBXFileReference; explicitFileType = wrapper.application; includeInIndex = 0; path = "ketch-ios-uikit-sample.app"; sourceTree = BUILT_PRODUCTS_DIR; };
		D043EC1A2D125BD000993F05 /* AppDelegate.swift */ = {isa = PBXFileReference; lastKnownFileType = sourcecode.swift; path = AppDelegate.swift; sourceTree = "<group>"; };
		D043EC1C2D125BD000993F05 /* SceneDelegate.swift */ = {isa = PBXFileReference; lastKnownFileType = sourcecode.swift; path = SceneDelegate.swift; sourceTree = "<group>"; };
		D043EC212D125BD000993F05 /* Base */ = {isa = PBXFileReference; lastKnownFileType = file.storyboard; name = Base; path = Base.lproj/Main.storyboard; sourceTree = "<group>"; };
		D043EC232D125BD200993F05 /* Assets.xcassets */ = {isa = PBXFileReference; lastKnownFileType = folder.assetcatalog; path = Assets.xcassets; sourceTree = "<group>"; };
		D043EC262D125BD200993F05 /* Base */ = {isa = PBXFileReference; lastKnownFileType = file.storyboard; name = Base; path = Base.lproj/LaunchScreen.storyboard; sourceTree = "<group>"; };
		D043EC282D125BD200993F05 /* Info.plist */ = {isa = PBXFileReference; lastKnownFileType = text.plist.xml; path = Info.plist; sourceTree = "<group>"; };
		FCAEA9B42D660D7D003FA5CA /* ViewController.swift */ = {isa = PBXFileReference; lastKnownFileType = sourcecode.swift; path = ViewController.swift; sourceTree = "<group>"; };
/* End PBXFileReference section */

/* Begin PBXFrameworksBuildPhase section */
		D043EC142D125BD000993F05 /* Frameworks */ = {
			isa = PBXFrameworksBuildPhase;
			buildActionMask = 2147483647;
			files = (
				F420CC68223DA9A99FBCD0E1 /* Pods_ketch_ios_uikit_sample.framework in Frameworks */,
			);
			runOnlyForDeploymentPostprocessing = 0;
		};
/* End PBXFrameworksBuildPhase section */

/* Begin PBXGroup section */
		0176B46789C0FD89E2E45158 /* Pods */ = {
			isa = PBXGroup;
			children = (
				668DC677E80E91DB6C51A98C /* Pods-ketch-ios-uikit-sample.debug.xcconfig */,
				5947CBA13BFAC71A2FCEBFB4 /* Pods-ketch-ios-uikit-sample.release.xcconfig */,
			);
			path = Pods;
			sourceTree = "<group>";
		};
		8AF597375EF6E98CE10443AF /* Frameworks */ = {
			isa = PBXGroup;
			children = (
				280E5D5E5B4709CB4DF7465F /* Pods_ketch_ios_uikit_sample.framework */,
			);
			name = Frameworks;
			sourceTree = "<group>";
		};
		D043EC0E2D125BD000993F05 = {
			isa = PBXGroup;
			children = (
				D043EC192D125BD000993F05 /* ketch-ios-uikit-sample */,
				D043EC182D125BD000993F05 /* Products */,
				0176B46789C0FD89E2E45158 /* Pods */,
				8AF597375EF6E98CE10443AF /* Frameworks */,
			);
			sourceTree = "<group>";
		};
		D043EC182D125BD000993F05 /* Products */ = {
			isa = PBXGroup;
			children = (
				D043EC172D125BD000993F05 /* ketch-ios-uikit-sample.app */,
			);
			name = Products;
			sourceTree = "<group>";
		};
		D043EC192D125BD000993F05 /* ketch-ios-uikit-sample */ = {
			isa = PBXGroup;
			children = (
				FCAEA9B42D660D7D003FA5CA /* ViewController.swift */,
				D043EC1A2D125BD000993F05 /* AppDelegate.swift */,
				D043EC1C2D125BD000993F05 /* SceneDelegate.swift */,
				D043EC202D125BD000993F05 /* Main.storyboard */,
				D043EC232D125BD200993F05 /* Assets.xcassets */,
				D043EC252D125BD200993F05 /* LaunchScreen.storyboard */,
				D043EC282D125BD200993F05 /* Info.plist */,
			);
			path = "ketch-ios-uikit-sample";
			sourceTree = "<group>";
		};
/* End PBXGroup section */

/* Begin PBXNativeTarget section */
		D043EC162D125BD000993F05 /* ketch-ios-uikit-sample */ = {
			isa = PBXNativeTarget;
			buildConfigurationList = D043EC2B2D125BD200993F05 /* Build configuration list for PBXNativeTarget "ketch-ios-uikit-sample" */;
			buildPhases = (
				E0AEF977729E09D3C2906F26 /* [CP] Check Pods Manifest.lock */,
				D043EC132D125BD000993F05 /* Sources */,
				D043EC142D125BD000993F05 /* Frameworks */,
				D043EC152D125BD000993F05 /* Resources */,
				D50735DF85209D8378D1A494 /* [CP] Embed Pods Frameworks */,
			);
			buildRules = (
			);
			dependencies = (
			);
			name = "ketch-ios-uikit-sample";
			productName = "ketch-ios-uikit-sample";
			productReference = D043EC172D125BD000993F05 /* ketch-ios-uikit-sample.app */;
			productType = "com.apple.product-type.application";
		};
/* End PBXNativeTarget section */

/* Begin PBXProject section */
		D043EC0F2D125BD000993F05 /* Project object */ = {
			isa = PBXProject;
			attributes = {
				BuildIndependentTargetsInParallel = 1;
				LastSwiftUpdateCheck = 1540;
				LastUpgradeCheck = 1540;
				TargetAttributes = {
					D043EC162D125BD000993F05 = {
						CreatedOnToolsVersion = 15.4;
					};
				};
			};
			buildConfigurationList = D043EC122D125BD000993F05 /* Build configuration list for PBXProject "ketch-ios-uikit-sample" */;
			compatibilityVersion = "Xcode 14.0";
			developmentRegion = en;
			hasScannedForEncodings = 0;
			knownRegions = (
				en,
				Base,
			);
			mainGroup = D043EC0E2D125BD000993F05;
			productRefGroup = D043EC182D125BD000993F05 /* Products */;
			projectDirPath = "";
			projectRoot = "";
			targets = (
				D043EC162D125BD000993F05 /* ketch-ios-uikit-sample */,
			);
		};
/* End PBXProject section */

/* Begin PBXResourcesBuildPhase section */
		D043EC152D125BD000993F05 /* Resources */ = {
			isa = PBXResourcesBuildPhase;
			buildActionMask = 2147483647;
			files = (
				D043EC242D125BD200993F05 /* Assets.xcassets in Resources */,
				D043EC272D125BD200993F05 /* Base in Resources */,
				D043EC222D125BD000993F05 /* Base in Resources */,
			);
			runOnlyForDeploymentPostprocessing = 0;
		};
/* End PBXResourcesBuildPhase section */

/* Begin PBXShellScriptBuildPhase section */
		D50735DF85209D8378D1A494 /* [CP] Embed Pods Frameworks */ = {
			isa = PBXShellScriptBuildPhase;
			buildActionMask = 2147483647;
			files = (
			);
			inputFileListPaths = (
				"${PODS_ROOT}/Target Support Files/Pods-ketch-ios-uikit-sample/Pods-ketch-ios-uikit-sample-frameworks-${CONFIGURATION}-input-files.xcfilelist",
			);
			name = "[CP] Embed Pods Frameworks";
			outputFileListPaths = (
				"${PODS_ROOT}/Target Support Files/Pods-ketch-ios-uikit-sample/Pods-ketch-ios-uikit-sample-frameworks-${CONFIGURATION}-output-files.xcfilelist",
			);
			runOnlyForDeploymentPostprocessing = 0;
			shellPath = /bin/sh;
			shellScript = "\"${PODS_ROOT}/Target Support Files/Pods-ketch-ios-uikit-sample/Pods-ketch-ios-uikit-sample-frameworks.sh\"\n";
			showEnvVarsInLog = 0;
		};
		E0AEF977729E09D3C2906F26 /* [CP] Check Pods Manifest.lock */ = {
			isa = PBXShellScriptBuildPhase;
			buildActionMask = 2147483647;
			files = (
			);
			inputFileListPaths = (
			);
			inputPaths = (
				"${PODS_PODFILE_DIR_PATH}/Podfile.lock",
				"${PODS_ROOT}/Manifest.lock",
			);
			name = "[CP] Check Pods Manifest.lock";
			outputFileListPaths = (
			);
			outputPaths = (
				"$(DERIVED_FILE_DIR)/Pods-ketch-ios-uikit-sample-checkManifestLockResult.txt",
			);
			runOnlyForDeploymentPostprocessing = 0;
			shellPath = /bin/sh;
			shellScript = "diff \"${PODS_PODFILE_DIR_PATH}/Podfile.lock\" \"${PODS_ROOT}/Manifest.lock\" > /dev/null\nif [ $? != 0 ] ; then\n    # print error to STDERR\n    echo \"error: The sandbox is not in sync with the Podfile.lock. Run 'pod install' or update your CocoaPods installation.\" >&2\n    exit 1\nfi\n# This output is used by Xcode 'outputs' to avoid re-running this script phase.\necho \"SUCCESS\" > \"${SCRIPT_OUTPUT_FILE_0}\"\n";
			showEnvVarsInLog = 0;
		};
/* End PBXShellScriptBuildPhase section */

/* Begin PBXSourcesBuildPhase section */
		D043EC132D125BD000993F05 /* Sources */ = {
			isa = PBXSourcesBuildPhase;
			buildActionMask = 2147483647;
			files = (
				FCAEA9B52D660D81003FA5CA /* ViewController.swift in Sources */,
				D043EC1B2D125BD000993F05 /* AppDelegate.swift in Sources */,
				D043EC1D2D125BD000993F05 /* SceneDelegate.swift in Sources */,
			);
			runOnlyForDeploymentPostprocessing = 0;
		};
/* End PBXSourcesBuildPhase section */

/* Begin PBXVariantGroup section */
		D043EC202D125BD000993F05 /* Main.storyboard */ = {
			isa = PBXVariantGroup;
			children = (
				D043EC212D125BD000993F05 /* Base */,
			);
			name = Main.storyboard;
			sourceTree = "<group>";
		};
		D043EC252D125BD200993F05 /* LaunchScreen.storyboard */ = {
			isa = PBXVariantGroup;
			children = (
				D043EC262D125BD200993F05 /* Base */,
			);
			name = LaunchScreen.storyboard;
			sourceTree = "<group>";
		};
/* End PBXVariantGroup section */

/* Begin XCBuildConfiguration section */
		D043EC292D125BD200993F05 /* Debug */ = {
			isa = XCBuildConfiguration;
			buildSettings = {
				ALWAYS_SEARCH_USER_PATHS = NO;
				ASSETCATALOG_COMPILER_GENERATE_SWIFT_ASSET_SYMBOL_EXTENSIONS = YES;
				CLANG_ANALYZER_NONNULL = YES;
				CLANG_ANALYZER_NUMBER_OBJECT_CONVERSION = YES_AGGRESSIVE;
				CLANG_CXX_LANGUAGE_STANDARD = "gnu++20";
				CLANG_ENABLE_MODULES = YES;
				CLANG_ENABLE_OBJC_ARC = YES;
				CLANG_ENABLE_OBJC_WEAK = YES;
				CLANG_WARN_BLOCK_CAPTURE_AUTORELEASING = YES;
				CLANG_WARN_BOOL_CONVERSION = YES;
				CLANG_WARN_COMMA = YES;
				CLANG_WARN_CONSTANT_CONVERSION = YES;
				CLANG_WARN_DEPRECATED_OBJC_IMPLEMENTATIONS = YES;
				CLANG_WARN_DIRECT_OBJC_ISA_USAGE = YES_ERROR;
				CLANG_WARN_DOCUMENTATION_COMMENTS = YES;
				CLANG_WARN_EMPTY_BODY = YES;
				CLANG_WARN_ENUM_CONVERSION = YES;
				CLANG_WARN_INFINITE_RECURSION = YES;
				CLANG_WARN_INT_CONVERSION = YES;
				CLANG_WARN_NON_LITERAL_NULL_CONVERSION = YES;
				CLANG_WARN_OBJC_IMPLICIT_RETAIN_SELF = YES;
				CLANG_WARN_OBJC_LITERAL_CONVERSION = YES;
				CLANG_WARN_OBJC_ROOT_CLASS = YES_ERROR;
				CLANG_WARN_QUOTED_INCLUDE_IN_FRAMEWORK_HEADER = YES;
				CLANG_WARN_RANGE_LOOP_ANALYSIS = YES;
				CLANG_WARN_STRICT_PROTOTYPES = YES;
				CLANG_WARN_SUSPICIOUS_MOVE = YES;
				CLANG_WARN_UNGUARDED_AVAILABILITY = YES_AGGRESSIVE;
				CLANG_WARN_UNREACHABLE_CODE = YES;
				CLANG_WARN__DUPLICATE_METHOD_MATCH = YES;
				COPY_PHASE_STRIP = NO;
				DEBUG_INFORMATION_FORMAT = dwarf;
				ENABLE_STRICT_OBJC_MSGSEND = YES;
				ENABLE_TESTABILITY = YES;
				ENABLE_USER_SCRIPT_SANDBOXING = YES;
				GCC_C_LANGUAGE_STANDARD = gnu17;
				GCC_DYNAMIC_NO_PIC = NO;
				GCC_NO_COMMON_BLOCKS = YES;
				GCC_OPTIMIZATION_LEVEL = 0;
				GCC_PREPROCESSOR_DEFINITIONS = (
					"DEBUG=1",
					"$(inherited)",
				);
				GCC_WARN_64_TO_32_BIT_CONVERSION = YES;
				GCC_WARN_ABOUT_RETURN_TYPE = YES_ERROR;
				GCC_WARN_UNDECLARED_SELECTOR = YES;
				GCC_WARN_UNINITIALIZED_AUTOS = YES_AGGRESSIVE;
				GCC_WARN_UNUSED_FUNCTION = YES;
				GCC_WARN_UNUSED_VARIABLE = YES;
				IPHONEOS_DEPLOYMENT_TARGET = 17.5;
				LOCALIZATION_PREFERS_STRING_CATALOGS = YES;
				MTL_ENABLE_DEBUG_INFO = INCLUDE_SOURCE;
				MTL_FAST_MATH = YES;
				ONLY_ACTIVE_ARCH = YES;
				SDKROOT = iphoneos;
				SWIFT_ACTIVE_COMPILATION_CONDITIONS = "DEBUG $(inherited)";
				SWIFT_OPTIMIZATION_LEVEL = "-Onone";
			};
			name = Debug;
		};
		D043EC2A2D125BD200993F05 /* Release */ = {
			isa = XCBuildConfiguration;
			buildSettings = {
				ALWAYS_SEARCH_USER_PATHS = NO;
				ASSETCATALOG_COMPILER_GENERATE_SWIFT_ASSET_SYMBOL_EXTENSIONS = YES;
				CLANG_ANALYZER_NONNULL = YES;
				CLANG_ANALYZER_NUMBER_OBJECT_CONVERSION = YES_AGGRESSIVE;
				CLANG_CXX_LANGUAGE_STANDARD = "gnu++20";
				CLANG_ENABLE_MODULES = YES;
				CLANG_ENABLE_OBJC_ARC = YES;
				CLANG_ENABLE_OBJC_WEAK = YES;
				CLANG_WARN_BLOCK_CAPTURE_AUTORELEASING = YES;
				CLANG_WARN_BOOL_CONVERSION = YES;
				CLANG_WARN_COMMA = YES;
				CLANG_WARN_CONSTANT_CONVERSION = YES;
				CLANG_WARN_DEPRECATED_OBJC_IMPLEMENTATIONS = YES;
				CLANG_WARN_DIRECT_OBJC_ISA_USAGE = YES_ERROR;
				CLANG_WARN_DOCUMENTATION_COMMENTS = YES;
				CLANG_WARN_EMPTY_BODY = YES;
				CLANG_WARN_ENUM_CONVERSION = YES;
				CLANG_WARN_INFINITE_RECURSION = YES;
				CLANG_WARN_INT_CONVERSION = YES;
				CLANG_WARN_NON_LITERAL_NULL_CONVERSION = YES;
				CLANG_WARN_OBJC_IMPLICIT_RETAIN_SELF = YES;
				CLANG_WARN_OBJC_LITERAL_CONVERSION = YES;
				CLANG_WARN_OBJC_ROOT_CLASS = YES_ERROR;
				CLANG_WARN_QUOTED_INCLUDE_IN_FRAMEWORK_HEADER = YES;
				CLANG_WARN_RANGE_LOOP_ANALYSIS = YES;
				CLANG_WARN_STRICT_PROTOTYPES = YES;
				CLANG_WARN_SUSPICIOUS_MOVE = YES;
				CLANG_WARN_UNGUARDED_AVAILABILITY = YES_AGGRESSIVE;
				CLANG_WARN_UNREACHABLE_CODE = YES;
				CLANG_WARN__DUPLICATE_METHOD_MATCH = YES;
				COPY_PHASE_STRIP = NO;
				DEBUG_INFORMATION_FORMAT = "dwarf-with-dsym";
				ENABLE_NS_ASSERTIONS = NO;
				ENABLE_STRICT_OBJC_MSGSEND = YES;
				ENABLE_USER_SCRIPT_SANDBOXING = YES;
				GCC_C_LANGUAGE_STANDARD = gnu17;
				GCC_NO_COMMON_BLOCKS = YES;
				GCC_WARN_64_TO_32_BIT_CONVERSION = YES;
				GCC_WARN_ABOUT_RETURN_TYPE = YES_ERROR;
				GCC_WARN_UNDECLARED_SELECTOR = YES;
				GCC_WARN_UNINITIALIZED_AUTOS = YES_AGGRESSIVE;
				GCC_WARN_UNUSED_FUNCTION = YES;
				GCC_WARN_UNUSED_VARIABLE = YES;
				IPHONEOS_DEPLOYMENT_TARGET = 17.5;
				LOCALIZATION_PREFERS_STRING_CATALOGS = YES;
				MTL_ENABLE_DEBUG_INFO = NO;
				MTL_FAST_MATH = YES;
				SDKROOT = iphoneos;
				SWIFT_COMPILATION_MODE = wholemodule;
				VALIDATE_PRODUCT = YES;
			};
			name = Release;
		};
		D043EC2C2D125BD200993F05 /* Debug */ = {
			isa = XCBuildConfiguration;
			baseConfigurationReference = 668DC677E80E91DB6C51A98C /* Pods-ketch-ios-uikit-sample.debug.xcconfig */;
			buildSettings = {
				ASSETCATALOG_COMPILER_APPICON_NAME = AppIcon;
				ASSETCATALOG_COMPILER_GLOBAL_ACCENT_COLOR_NAME = AccentColor;
				CODE_SIGN_STYLE = Automatic;
				CURRENT_PROJECT_VERSION = 1;
				DEVELOPMENT_TEAM = N945F77897;
				ENABLE_USER_SCRIPT_SANDBOXING = NO;
				GENERATE_INFOPLIST_FILE = YES;
				INFOPLIST_FILE = "ketch-ios-uikit-sample/Info.plist";
				INFOPLIST_KEY_UIApplicationSupportsIndirectInputEvents = YES;
				INFOPLIST_KEY_UILaunchStoryboardName = LaunchScreen;
				INFOPLIST_KEY_UIMainStoryboardFile = Main;
				INFOPLIST_KEY_UISupportedInterfaceOrientations_iPad = "UIInterfaceOrientationPortrait UIInterfaceOrientationPortraitUpsideDown UIInterfaceOrientationLandscapeLeft UIInterfaceOrientationLandscapeRight";
				INFOPLIST_KEY_UISupportedInterfaceOrientations_iPhone = "UIInterfaceOrientationPortrait UIInterfaceOrientationLandscapeLeft UIInterfaceOrientationLandscapeRight";
				LD_RUNPATH_SEARCH_PATHS = (
					"$(inherited)",
					"@executable_path/Frameworks",
				);
				MARKETING_VERSION = 1.0;
				PRODUCT_BUNDLE_IDENTIFIER = "ketch.ketch-ios-uikit-sample";
				PRODUCT_NAME = "$(TARGET_NAME)";
				SWIFT_EMIT_LOC_STRINGS = YES;
				SWIFT_VERSION = 5.0;
				TARGETED_DEVICE_FAMILY = "1,2";
			};
			name = Debug;
		};
		D043EC2D2D125BD200993F05 /* Release */ = {
			isa = XCBuildConfiguration;
			baseConfigurationReference = 5947CBA13BFAC71A2FCEBFB4 /* Pods-ketch-ios-uikit-sample.release.xcconfig */;
			buildSettings = {
				ASSETCATALOG_COMPILER_APPICON_NAME = AppIcon;
				ASSETCATALOG_COMPILER_GLOBAL_ACCENT_COLOR_NAME = AccentColor;
				CODE_SIGN_STYLE = Automatic;
				CURRENT_PROJECT_VERSION = 1;
				DEVELOPMENT_TEAM = N945F77897;
				ENABLE_USER_SCRIPT_SANDBOXING = NO;
				GENERATE_INFOPLIST_FILE = YES;
				INFOPLIST_FILE = "ketch-ios-uikit-sample/Info.plist";
				INFOPLIST_KEY_UIApplicationSupportsIndirectInputEvents = YES;
				INFOPLIST_KEY_UILaunchStoryboardName = LaunchScreen;
				INFOPLIST_KEY_UIMainStoryboardFile = Main;
				INFOPLIST_KEY_UISupportedInterfaceOrientations_iPad = "UIInterfaceOrientationPortrait UIInterfaceOrientationPortraitUpsideDown UIInterfaceOrientationLandscapeLeft UIInterfaceOrientationLandscapeRight";
				INFOPLIST_KEY_UISupportedInterfaceOrientations_iPhone = "UIInterfaceOrientationPortrait UIInterfaceOrientationLandscapeLeft UIInterfaceOrientationLandscapeRight";
				LD_RUNPATH_SEARCH_PATHS = (
					"$(inherited)",
					"@executable_path/Frameworks",
				);
				MARKETING_VERSION = 1.0;
				PRODUCT_BUNDLE_IDENTIFIER = "ketch.ketch-ios-uikit-sample";
				PRODUCT_NAME = "$(TARGET_NAME)";
				SWIFT_EMIT_LOC_STRINGS = YES;
				SWIFT_VERSION = 5.0;
				TARGETED_DEVICE_FAMILY = "1,2";
			};
			name = Release;
		};
/* End XCBuildConfiguration section */

/* Begin XCConfigurationList section */
		D043EC122D125BD000993F05 /* Build configuration list for PBXProject "ketch-ios-uikit-sample" */ = {
			isa = XCConfigurationList;
			buildConfigurations = (
				D043EC292D125BD200993F05 /* Debug */,
				D043EC2A2D125BD200993F05 /* Release */,
			);
			defaultConfigurationIsVisible = 0;
			defaultConfigurationName = Release;
		};
		D043EC2B2D125BD200993F05 /* Build configuration list for PBXNativeTarget "ketch-ios-uikit-sample" */ = {
			isa = XCConfigurationList;
			buildConfigurations = (
				D043EC2C2D125BD200993F05 /* Debug */,
				D043EC2D2D125BD200993F05 /* Release */,
			);
			defaultConfigurationIsVisible = 0;
			defaultConfigurationName = Release;
		};
/* End XCConfigurationList section */
	};
	rootObject = D043EC0F2D125BD000993F05 /* Project object */;
}
