// !$*UTF8*$!
{
	archiveVersion = 1;
	classes = {
	};
	objectVersion = 56;
	objects = {

/* Begin PBXBuildFile section */
		3A58D30C2951000C00C471A6 /* AppDelegate.swift in Sources */ = {isa = PBXBuildFile; fileRef = 3A58D30B2951000C00C471A6 /* AppDelegate.swift */; };
		3A58D3102951000C00C471A6 /* ViewController.swift in Sources */ = {isa = PBXBuildFile; fileRef = 3A58D30F2951000C00C471A6 /* ViewController.swift */; };
		3A58D3132951000C00C471A6 /* Main.storyboard in Resources */ = {isa = PBXBuildFile; fileRef = 3A58D3112951000C00C471A6 /* Main.storyboard */; };
		3A58D3152951000D00C471A6 /* Assets.xcassets in Resources */ = {isa = PBXBuildFile; fileRef = 3A58D3142951000D00C471A6 /* Assets.xcassets */; };
		3A58D3182951000D00C471A6 /* LaunchScreen.storyboard in Resources */ = {isa = PBXBuildFile; fileRef = 3A58D3162951000D00C471A6 /* LaunchScreen.storyboard */; };
		3A58D31F2951009E00C471A6 /* SceneDelegate.swift in Sources */ = {isa = PBXBuildFile; fileRef = 3A58D30D2951000C00C471A6 /* SceneDelegate.swift */; };
		3AFD6591295118F400E1A4B2 /* KetchSDK in Frameworks */ = {isa = PBXBuildFile; productRef = 3AFD6590295118F400E1A4B2 /* KetchSDK */; };
/* End PBXBuildFile section */

/* Begin PBXFileReference section */
		3A58D3082951000C00C471A6 /* KetchUIKitSample.app */ = {isa = PBXFileReference; explicitFileType = wrapper.application; includeInIndex = 0; path = KetchUIKitSample.app; sourceTree = BUILT_PRODUCTS_DIR; };
		3A58D30B2951000C00C471A6 /* AppDelegate.swift */ = {isa = PBXFileReference; lastKnownFileType = sourcecode.swift; path = AppDelegate.swift; sourceTree = "<group>"; };
		3A58D30D2951000C00C471A6 /* SceneDelegate.swift */ = {isa = PBXFileReference; lastKnownFileType = sourcecode.swift; path = SceneDelegate.swift; sourceTree = "<group>"; };
		3A58D30F2951000C00C471A6 /* ViewController.swift */ = {isa = PBXFileReference; lastKnownFileType = sourcecode.swift; path = ViewController.swift; sourceTree = "<group>"; };
		3A58D3122951000C00C471A6 /* Base */ = {isa = PBXFileReference; lastKnownFileType = file.storyboard; name = Base; path = Base.lproj/Main.storyboard; sourceTree = "<group>"; };
		3A58D3142951000D00C471A6 /* Assets.xcassets */ = {isa = PBXFileReference; lastKnownFileType = folder.assetcatalog; path = Assets.xcassets; sourceTree = "<group>"; };
		3A58D3172951000D00C471A6 /* Base */ = {isa = PBXFileReference; lastKnownFileType = file.storyboard; name = Base; path = Base.lproj/LaunchScreen.storyboard; sourceTree = "<group>"; };
		3A58D3192951000D00C471A6 /* Info.plist */ = {isa = PBXFileReference; lastKnownFileType = text.plist.xml; path = Info.plist; sourceTree = "<group>"; };
/* End PBXFileReference section */

/* Begin PBXFrameworksBuildPhase section */
		3A58D3052951000C00C471A6 /* Frameworks */ = {
			isa = PBXFrameworksBuildPhase;
			buildActionMask = 2147483647;
			files = (
				3AFD6591295118F400E1A4B2 /* KetchSDK in Frameworks */,
			);
			runOnlyForDeploymentPostprocessing = 0;
		};
/* End PBXFrameworksBuildPhase section */

/* Begin PBXGroup section */
		3A58D2FF2951000C00C471A6 = {
			isa = PBXGroup;
			children = (
				3A58D30A2951000C00C471A6 /* KetchUIKitSample */,
				3A58D3092951000C00C471A6 /* Products */,
			);
			sourceTree = "<group>";
		};
		3A58D3092951000C00C471A6 /* Products */ = {
			isa = PBXGroup;
			children = (
				3A58D3082951000C00C471A6 /* KetchUIKitSample.app */,
			);
			name = Products;
			sourceTree = "<group>";
		};
		3A58D30A2951000C00C471A6 /* KetchUIKitSample */ = {
			isa = PBXGroup;
			children = (
				3A58D30B2951000C00C471A6 /* AppDelegate.swift */,
				3A58D30D2951000C00C471A6 /* SceneDelegate.swift */,
				3A58D30F2951000C00C471A6 /* ViewController.swift */,
				3A58D3112951000C00C471A6 /* Main.storyboard */,
				3A58D3142951000D00C471A6 /* Assets.xcassets */,
				3A58D3162951000D00C471A6 /* LaunchScreen.storyboard */,
				3A58D3192951000D00C471A6 /* Info.plist */,
			);
			path = KetchUIKitSample;
			sourceTree = "<group>";
		};
/* End PBXGroup section */

/* Begin PBXNativeTarget section */
		3A58D3072951000C00C471A6 /* KetchUIKitSample */ = {
			isa = PBXNativeTarget;
			buildConfigurationList = 3A58D31C2951000D00C471A6 /* Build configuration list for PBXNativeTarget "KetchUIKitSample" */;
			buildPhases = (
				3A58D3042951000C00C471A6 /* Sources */,
				3A58D3052951000C00C471A6 /* Frameworks */,
				3A58D3062951000C00C471A6 /* Resources */,
			);
			buildRules = (
			);
			dependencies = (
			);
			name = KetchUIKitSample;
			packageProductDependencies = (
				3AFD6590295118F400E1A4B2 /* KetchSDK */,
			);
			productName = KetchUIKitSample;
			productReference = 3A58D3082951000C00C471A6 /* KetchUIKitSample.app */;
			productType = "com.apple.product-type.application";
		};
/* End PBXNativeTarget section */

/* Begin PBXProject section */
		3A58D3002951000C00C471A6 /* Project object */ = {
			isa = PBXProject;
			attributes = {
				BuildIndependentTargetsInParallel = 1;
				LastSwiftUpdateCheck = 1410;
				LastUpgradeCheck = 1410;
				TargetAttributes = {
					3A58D3072951000C00C471A6 = {
						CreatedOnToolsVersion = 14.1;
					};
				};
			};
			buildConfigurationList = 3A58D3032951000C00C471A6 /* Build configuration list for PBXProject "KetchUIKitSample" */;
			compatibilityVersion = "Xcode 14.0";
			developmentRegion = en;
			hasScannedForEncodings = 0;
			knownRegions = (
				en,
				Base,
			);
			mainGroup = 3A58D2FF2951000C00C471A6;
			packageReferences = (
				3AFD658F295118F400E1A4B2 /* XCRemoteSwiftPackageReference "ketch-ios" */,
			);
			productRefGroup = 3A58D3092951000C00C471A6 /* Products */;
			projectDirPath = "";
			projectRoot = "";
			targets = (
				3A58D3072951000C00C471A6 /* KetchUIKitSample */,
			);
		};
/* End PBXProject section */

/* Begin PBXResourcesBuildPhase section */
		3A58D3062951000C00C471A6 /* Resources */ = {
			isa = PBXResourcesBuildPhase;
			buildActionMask = 2147483647;
			files = (
				3A58D3182951000D00C471A6 /* LaunchScreen.storyboard in Resources */,
				3A58D3152951000D00C471A6 /* Assets.xcassets in Resources */,
				3A58D3132951000C00C471A6 /* Main.storyboard in Resources */,
			);
			runOnlyForDeploymentPostprocessing = 0;
		};
/* End PBXResourcesBuildPhase section */

/* Begin PBXSourcesBuildPhase section */
		3A58D3042951000C00C471A6 /* Sources */ = {
			isa = PBXSourcesBuildPhase;
			buildActionMask = 2147483647;
			files = (
				3A58D3102951000C00C471A6 /* ViewController.swift in Sources */,
				3A58D30C2951000C00C471A6 /* AppDelegate.swift in Sources */,
				3A58D31F2951009E00C471A6 /* SceneDelegate.swift in Sources */,
			);
			runOnlyForDeploymentPostprocessing = 0;
		};
/* End PBXSourcesBuildPhase section */

/* Begin PBXVariantGroup section */
		3A58D3112951000C00C471A6 /* Main.storyboard */ = {
			isa = PBXVariantGroup;
			children = (
				3A58D3122951000C00C471A6 /* Base */,
			);
			name = Main.storyboard;
			sourceTree = "<group>";
		};
		3A58D3162951000D00C471A6 /* LaunchScreen.storyboard */ = {
			isa = PBXVariantGroup;
			children = (
				3A58D3172951000D00C471A6 /* Base */,
			);
			name = LaunchScreen.storyboard;
			sourceTree = "<group>";
		};
/* End PBXVariantGroup section */

/* Begin XCBuildConfiguration section */
		3A58D31A2951000D00C471A6 /* Debug */ = {
			isa = XCBuildConfiguration;
			buildSettings = {
				ALWAYS_SEARCH_USER_PATHS = NO;
				CLANG_ANALYZER_NONNULL = YES;
				CLANG_ANALYZER_NUMBER_OBJECT_CONVERSION = YES_AGGRESSIVE;
				CLANG_CXX_LANGUAGE_STANDARD = "gnu++20";
				CLANG_ENABLE_MODULES = YES;
				CLANG_ENABLE_OBJC_ARC = YES;
				CLANG_ENABLE_OBJC_WEAK = YES;
				CLANG_WARN_BLOCK_CAPTURE_AUTORELEASING = YES;
				CLANG_WARN_BOOL_CONVERSION = YES;
				CLANG_WARN_COMMA = YES;
				CLANG_WARN_CONSTANT_CONVERSION = YES;
				CLANG_WARN_DEPRECATED_OBJC_IMPLEMENTATIONS = YES;
				CLANG_WARN_DIRECT_OBJC_ISA_USAGE = YES_ERROR;
				CLANG_WARN_DOCUMENTATION_COMMENTS = YES;
				CLANG_WARN_EMPTY_BODY = YES;
				CLANG_WARN_ENUM_CONVERSION = YES;
				CLANG_WARN_INFINITE_RECURSION = YES;
				CLANG_WARN_INT_CONVERSION = YES;
				CLANG_WARN_NON_LITERAL_NULL_CONVERSION = YES;
				CLANG_WARN_OBJC_IMPLICIT_RETAIN_SELF = YES;
				CLANG_WARN_OBJC_LITERAL_CONVERSION = YES;
				CLANG_WARN_OBJC_ROOT_CLASS = YES_ERROR;
				CLANG_WARN_QUOTED_INCLUDE_IN_FRAMEWORK_HEADER = YES;
				CLANG_WARN_RANGE_LOOP_ANALYSIS = YES;
				CLANG_WARN_STRICT_PROTOTYPES = YES;
				CLANG_WARN_SUSPICIOUS_MOVE = YES;
				CLANG_WARN_UNGUARDED_AVAILABILITY = YES_AGGRESSIVE;
				CLANG_WARN_UNREACHABLE_CODE = YES;
				CLANG_WARN__DUPLICATE_METHOD_MATCH = YES;
				COPY_PHASE_STRIP = NO;
				DEBUG_INFORMATION_FORMAT = dwarf;
				ENABLE_STRICT_OBJC_MSGSEND = YES;
				ENABLE_TESTABILITY = YES;
				GCC_C_LANGUAGE_STANDARD = gnu11;
				GCC_DYNAMIC_NO_PIC = NO;
				GCC_NO_COMMON_BLOCKS = YES;
				GCC_OPTIMIZATION_LEVEL = 0;
				GCC_PREPROCESSOR_DEFINITIONS = (
					"DEBUG=1",
					"$(inherited)",
				);
				GCC_WARN_64_TO_32_BIT_CONVERSION = YES;
				GCC_WARN_ABOUT_RETURN_TYPE = YES_ERROR;
				GCC_WARN_UNDECLARED_SELECTOR = YES;
				GCC_WARN_UNINITIALIZED_AUTOS = YES_AGGRESSIVE;
				GCC_WARN_UNUSED_FUNCTION = YES;
				GCC_WARN_UNUSED_VARIABLE = YES;
				IPHONEOS_DEPLOYMENT_TARGET = 14.0;
				MTL_ENABLE_DEBUG_INFO = INCLUDE_SOURCE;
				MTL_FAST_MATH = YES;
				ONLY_ACTIVE_ARCH = YES;
				SDKROOT = iphoneos;
				SWIFT_ACTIVE_COMPILATION_CONDITIONS = DEBUG;
				SWIFT_OPTIMIZATION_LEVEL = "-Onone";
			};
			name = Debug;
		};
		3A58D31B2951000D00C471A6 /* Release */ = {
			isa = XCBuildConfiguration;
			buildSettings = {
				ALWAYS_SEARCH_USER_PATHS = NO;
				CLANG_ANALYZER_NONNULL = YES;
				CLANG_ANALYZER_NUMBER_OBJECT_CONVERSION = YES_AGGRESSIVE;
				CLANG_CXX_LANGUAGE_STANDARD = "gnu++20";
				CLANG_ENABLE_MODULES = YES;
				CLANG_ENABLE_OBJC_ARC = YES;
				CLANG_ENABLE_OBJC_WEAK = YES;
				CLANG_WARN_BLOCK_CAPTURE_AUTORELEASING = YES;
				CLANG_WARN_BOOL_CONVERSION = YES;
				CLANG_WARN_COMMA = YES;
				CLANG_WARN_CONSTANT_CONVERSION = YES;
				CLANG_WARN_DEPRECATED_OBJC_IMPLEMENTATIONS = YES;
				CLANG_WARN_DIRECT_OBJC_ISA_USAGE = YES_ERROR;
				CLANG_WARN_DOCUMENTATION_COMMENTS = YES;
				CLANG_WARN_EMPTY_BODY = YES;
				CLANG_WARN_ENUM_CONVERSION = YES;
				CLANG_WARN_INFINITE_RECURSION = YES;
				CLANG_WARN_INT_CONVERSION = YES;
				CLANG_WARN_NON_LITERAL_NULL_CONVERSION = YES;
				CLANG_WARN_OBJC_IMPLICIT_RETAIN_SELF = YES;
				CLANG_WARN_OBJC_LITERAL_CONVERSION = YES;
				CLANG_WARN_OBJC_ROOT_CLASS = YES_ERROR;
				CLANG_WARN_QUOTED_INCLUDE_IN_FRAMEWORK_HEADER = YES;
				CLANG_WARN_RANGE_LOOP_ANALYSIS = YES;
				CLANG_WARN_STRICT_PROTOTYPES = YES;
				CLANG_WARN_SUSPICIOUS_MOVE = YES;
				CLANG_WARN_UNGUARDED_AVAILABILITY = YES_AGGRESSIVE;
				CLANG_WARN_UNREACHABLE_CODE = YES;
				CLANG_WARN__DUPLICATE_METHOD_MATCH = YES;
				COPY_PHASE_STRIP = NO;
				DEBUG_INFORMATION_FORMAT = "dwarf-with-dsym";
				ENABLE_NS_ASSERTIONS = NO;
				ENABLE_STRICT_OBJC_MSGSEND = YES;
				GCC_C_LANGUAGE_STANDARD = gnu11;
				GCC_NO_COMMON_BLOCKS = YES;
				GCC_WARN_64_TO_32_BIT_CONVERSION = YES;
				GCC_WARN_ABOUT_RETURN_TYPE = YES_ERROR;
				GCC_WARN_UNDECLARED_SELECTOR = YES;
				GCC_WARN_UNINITIALIZED_AUTOS = YES_AGGRESSIVE;
				GCC_WARN_UNUSED_FUNCTION = YES;
				GCC_WARN_UNUSED_VARIABLE = YES;
				IPHONEOS_DEPLOYMENT_TARGET = 14.0;
				MTL_ENABLE_DEBUG_INFO = NO;
				MTL_FAST_MATH = YES;
				SDKROOT = iphoneos;
				SWIFT_COMPILATION_MODE = wholemodule;
				SWIFT_OPTIMIZATION_LEVEL = "-O";
				VALIDATE_PRODUCT = YES;
			};
			name = Release;
		};
		3A58D31D2951000D00C471A6 /* Debug */ = {
			isa = XCBuildConfiguration;
			buildSettings = {
				ASSETCATALOG_COMPILER_APPICON_NAME = AppIcon;
				ASSETCATALOG_COMPILER_GLOBAL_ACCENT_COLOR_NAME = AccentColor;
				CODE_SIGN_STYLE = Automatic;
				CURRENT_PROJECT_VERSION = 1;
				DEVELOPMENT_TEAM = K265G3Z3K4;
				GENERATE_INFOPLIST_FILE = YES;
				INFOPLIST_FILE = KetchUIKitSample/Info.plist;
				INFOPLIST_KEY_UIApplicationSupportsIndirectInputEvents = YES;
				INFOPLIST_KEY_UILaunchStoryboardName = LaunchScreen;
				INFOPLIST_KEY_UIMainStoryboardFile = Main;
				INFOPLIST_KEY_UISupportedInterfaceOrientations_iPad = "UIInterfaceOrientationPortrait UIInterfaceOrientationPortraitUpsideDown UIInterfaceOrientationLandscapeLeft UIInterfaceOrientationLandscapeRight";
				INFOPLIST_KEY_UISupportedInterfaceOrientations_iPhone = "UIInterfaceOrientationPortrait UIInterfaceOrientationLandscapeLeft UIInterfaceOrientationLandscapeRight";
				LD_RUNPATH_SEARCH_PATHS = (
					"$(inherited)",
					"@executable_path/Frameworks",
				);
				MARKETING_VERSION = 1.0;
				PRODUCT_BUNDLE_IDENTIFIER = com.ketch.KetchUIKitSample;
				PRODUCT_NAME = "$(TARGET_NAME)";
				SWIFT_EMIT_LOC_STRINGS = YES;
				SWIFT_VERSION = 5.0;
				TARGETED_DEVICE_FAMILY = "1,2";
			};
			name = Debug;
		};
		3A58D31E2951000D00C471A6 /* Release */ = {
			isa = XCBuildConfiguration;
			buildSettings = {
				ASSETCATALOG_COMPILER_APPICON_NAME = AppIcon;
				ASSETCATALOG_COMPILER_GLOBAL_ACCENT_COLOR_NAME = AccentColor;
				CODE_SIGN_STYLE = Automatic;
				CURRENT_PROJECT_VERSION = 1;
				DEVELOPMENT_TEAM = K265G3Z3K4;
				GENERATE_INFOPLIST_FILE = YES;
				INFOPLIST_FILE = KetchUIKitSample/Info.plist;
				INFOPLIST_KEY_UIApplicationSupportsIndirectInputEvents = YES;
				INFOPLIST_KEY_UILaunchStoryboardName = LaunchScreen;
				INFOPLIST_KEY_UIMainStoryboardFile = Main;
				INFOPLIST_KEY_UISupportedInterfaceOrientations_iPad = "UIInterfaceOrientationPortrait UIInterfaceOrientationPortraitUpsideDown UIInterfaceOrientationLandscapeLeft UIInterfaceOrientationLandscapeRight";
				INFOPLIST_KEY_UISupportedInterfaceOrientations_iPhone = "UIInterfaceOrientationPortrait UIInterfaceOrientationLandscapeLeft UIInterfaceOrientationLandscapeRight";
				LD_RUNPATH_SEARCH_PATHS = (
					"$(inherited)",
					"@executable_path/Frameworks",
				);
				MARKETING_VERSION = 1.0;
				PRODUCT_BUNDLE_IDENTIFIER = com.ketch.KetchUIKitSample;
				PRODUCT_NAME = "$(TARGET_NAME)";
				SWIFT_EMIT_LOC_STRINGS = YES;
				SWIFT_VERSION = 5.0;
				TARGETED_DEVICE_FAMILY = "1,2";
			};
			name = Release;
		};
/* End XCBuildConfiguration section */

/* Begin XCConfigurationList section */
		3A58D3032951000C00C471A6 /* Build configuration list for PBXProject "KetchUIKitSample" */ = {
			isa = XCConfigurationList;
			buildConfigurations = (
				3A58D31A2951000D00C471A6 /* Debug */,
				3A58D31B2951000D00C471A6 /* Release */,
			);
			defaultConfigurationIsVisible = 0;
			defaultConfigurationName = Release;
		};
		3A58D31C2951000D00C471A6 /* Build configuration list for PBXNativeTarget "KetchUIKitSample" */ = {
			isa = XCConfigurationList;
			buildConfigurations = (
				3A58D31D2951000D00C471A6 /* Debug */,
				3A58D31E2951000D00C471A6 /* Release */,
			);
			defaultConfigurationIsVisible = 0;
			defaultConfigurationName = Release;
		};
/* End XCConfigurationList section */

/* Begin XCRemoteSwiftPackageReference section */
		3AFD658F295118F400E1A4B2 /* XCRemoteSwiftPackageReference "ketch-ios" */ = {
			isa = XCRemoteSwiftPackageReference;
			repositoryURL = "https://github.com/ketch-sdk/ketch-ios.git";
			requirement = {
				branch = lib;
				kind = branch;
			};
		};
/* End XCRemoteSwiftPackageReference section */

/* Begin XCSwiftPackageProductDependency section */
		3AFD6590295118F400E1A4B2 /* KetchSDK */ = {
			isa = XCSwiftPackageProductDependency;
			package = 3AFD658F295118F400E1A4B2 /* XCRemoteSwiftPackageReference "ketch-ios" */;
			productName = KetchSDK;
		};
/* End XCSwiftPackageProductDependency section */
	};
	rootObject = 3A58D3002951000C00C471A6 /* Project object */;
}
