PODS:
  - KetchSDK/CCPA (0.1.2):
    - KetchSDK/Core
  - KetchSDK/Core (0.1.2)
  - KetchSDK/TCF (0.1.2):
    - KetchSDK/Core
  - KetchSDK/UI (0.1.2):
    - KetchSDK/Core

DEPENDENCIES:
  - KetchSDK/CCPA
  - KetchSDK/TCF
  - KetchSDK/UI

SPEC REPOS:
  https://ketch.jfrog.io/artifactory/api/pods/ios:
    - KetchSDK

SPEC CHECKSUMS:
  KetchSDK: 63c0d3344eaeaed471ac023f59163183d6e4e6f4

PODFILE CHECKSUM: b9360f65b8001f165069163ac8f50fcf97132cfc

COCOAPODS: 1.11.3
