{
  "pins" : [
    {
      "identity" : "ketch-ios",
      "kind" : "remoteSourceControl",
      "location" : "https://github.com/ketch-com/ketch-ios.git",
      "state" : {
        "branch" : "main",
        "revision" : "f08e7ec7b41f27c44bcbf7d2ee2718b5d4e8621e"
      }
    }
  ],
  "version" : 2
}
