{
  "originHash" : "ecc86ed604aa80193e9d4ab4d9d2672f0167aa68fbe0ead4ba46e49ff9795afc",
  "pins" : [
    {
      "identity" : "ketch-ios",
      "kind" : "remoteSourceControl",
      "location" : "https://github.com/ketch-com/ketch-ios.git",
      "state" : {
        "branch" : "feature/cssInject",
        "revision" : "c87faf1a882102aad41b169616799867bae923f7"
      }
    }
  ],
  "version" : 3
}
