{
  "originHash" : "ecc86ed604aa80193e9d4ab4d9d2672f0167aa68fbe0ead4ba46e49ff9795afc",
  "pins" : [
    {
      "identity" : "ketch-ios",
      "kind" : "remoteSourceControl",
      "location" : "https://github.com/ketch-com/ketch-ios.git",
      "state" : {
        "branch" : "main",
        "revision" : "bf26028ab8522fcaee15eec4759e3e1b40a1f257"
      }
    }
  ],
  "version" : 3
}
