PODS:
  - KetchSDK (4.4.4)

DEPENDENCIES:
  - KetchSDK (from `https://github.com/ketch-com/ketch-ios.git`)

EXTERNAL SOURCES:
  KetchSDK:
    :git: https://github.com/ketch-com/ketch-ios.git

CHECKOUT OPTIONS:
  KetchSDK:
    :commit: bf26028ab8522fcaee15eec4759e3e1b40a1f257
    :git: https://github.com/ketch-com/ketch-ios.git

SPEC CHECKSUMS:
  KetchSDK: 65281c6784b6be0dd71615e06e1b05e60e38cdbe

PODFILE CHECKSUM: 3f5cf85a6993aa8b8d11fb7a6a8ecbf64ee0be8b

COCOAPODS: 1.16.2
