// !$*UTF8*$!
{
	archiveVersion = 1;
	classes = {
	};
	objectVersion = 55;
	objects = {

/* Begin PBXBuildFile section */
		31D8FE1428BD2534009E57F4 /* index.html in Resources */ = {isa = PBXBuildFile; fileRef = 31D8FE1328BD2534009E57F4 /* index.html */; };
		31F17FD628B6CBC8006237D7 /* iOS_Pref_Center_DemoApp.swift in Sources */ = {isa = PBXBuildFile; fileRef = 31F17FD528B6CBC8006237D7 /* iOS_Pref_Center_DemoApp.swift */; };
		31F17FD828B6CBC8006237D7 /* ContentView.swift in Sources */ = {isa = PBXBuildFile; fileRef = 31F17FD728B6CBC8006237D7 /* ContentView.swift */; };
		31F17FDA28B6CBCD006237D7 /* Assets.xcassets in Resources */ = {isa = PBXBuildFile; fileRef = 31F17FD928B6CBCD006237D7 /* Assets.xcassets */; };
		3A18975228E2226D00FE6518 /* ConsentView.swift in Sources */ = {isa = PBXBuildFile; fileRef = 3A18975128E2226D00FE6518 /* ConsentView.swift */; };
		3A3A638728E1EB5600CAB56D /* ConsentConfig.swift in Sources */ = {isa = PBXBuildFile; fileRef = 3A3A638628E1EB5600CAB56D /* ConsentConfig.swift */; };
/* End PBXBuildFile section */

/* Begin PBXFileReference section */
		31D8FE1328BD2534009E57F4 /* index.html */ = {isa = PBXFileReference; lastKnownFileType = text.html; name = index.html; path = ../../index.html; sourceTree = "<group>"; };
		31D8FE1728BD5972009E57F4 /* ios-ketch-pref-center-using-swiftui-Info.plist */ = {isa = PBXFileReference; lastKnownFileType = text.plist.xml; path = "ios-ketch-pref-center-using-swiftui-Info.plist"; sourceTree = SOURCE_ROOT; };
		31F17FD228B6CBC8006237D7 /* iOS Ketch Pref Center using SwiftUI.app */ = {isa = PBXFileReference; explicitFileType = wrapper.application; includeInIndex = 0; path = "iOS Ketch Pref Center using SwiftUI.app"; sourceTree = BUILT_PRODUCTS_DIR; };
		31F17FD528B6CBC8006237D7 /* iOS_Pref_Center_DemoApp.swift */ = {isa = PBXFileReference; lastKnownFileType = sourcecode.swift; path = iOS_Pref_Center_DemoApp.swift; sourceTree = "<group>"; };
		31F17FD728B6CBC8006237D7 /* ContentView.swift */ = {isa = PBXFileReference; lastKnownFileType = sourcecode.swift; path = ContentView.swift; sourceTree = "<group>"; };
		31F17FD928B6CBCD006237D7 /* Assets.xcassets */ = {isa = PBXFileReference; lastKnownFileType = folder.assetcatalog; path = Assets.xcassets; sourceTree = "<group>"; };
		3A18975128E2226D00FE6518 /* ConsentView.swift */ = {isa = PBXFileReference; fileEncoding = 4; lastKnownFileType = sourcecode.swift; path = ConsentView.swift; sourceTree = SOURCE_ROOT; };
		3A3A638628E1EB5600CAB56D /* ConsentConfig.swift */ = {isa = PBXFileReference; lastKnownFileType = sourcecode.swift; name = ConsentConfig.swift; path = ../../ConsentConfig.swift; sourceTree = "<group>"; };
		3AAC917A292D85AF001E364E /* README.md */ = {isa = PBXFileReference; fileEncoding = 4; lastKnownFileType = net.daringfireball.markdown; path = README.md; sourceTree = SOURCE_ROOT; };
/* End PBXFileReference section */

/* Begin PBXFrameworksBuildPhase section */
		31F17FCF28B6CBC8006237D7 /* Frameworks */ = {
			isa = PBXFrameworksBuildPhase;
			buildActionMask = 2147483647;
			files = (
			);
			runOnlyForDeploymentPostprocessing = 0;
		};
/* End PBXFrameworksBuildPhase section */

/* Begin PBXGroup section */
		31F17FC928B6CBC8006237D7 = {
			isa = PBXGroup;
			children = (
				31F17FD428B6CBC8006237D7 /* iOS Ketch Pref Center using SwiftUI */,
				31F17FD328B6CBC8006237D7 /* Products */,
			);
			sourceTree = "<group>";
		};
		31F17FD328B6CBC8006237D7 /* Products */ = {
			isa = PBXGroup;
			children = (
				31F17FD228B6CBC8006237D7 /* iOS Ketch Pref Center using SwiftUI.app */,
			);
			name = Products;
			sourceTree = "<group>";
		};
		31F17FD428B6CBC8006237D7 /* iOS Ketch Pref Center using SwiftUI */ = {
			isa = PBXGroup;
			children = (
				31D8FE1728BD5972009E57F4 /* ios-ketch-pref-center-using-swiftui-Info.plist */,
				31D8FE1328BD2534009E57F4 /* index.html */,
				31F17FD528B6CBC8006237D7 /* iOS_Pref_Center_DemoApp.swift */,
				31F17FD728B6CBC8006237D7 /* ContentView.swift */,
				31F17FD928B6CBCD006237D7 /* Assets.xcassets */,
				3A3A638628E1EB5600CAB56D /* ConsentConfig.swift */,
				3A18975128E2226D00FE6518 /* ConsentView.swift */,
				3AAC917A292D85AF001E364E /* README.md */,
			);
			path = "iOS Ketch Pref Center using SwiftUI";
			sourceTree = "<group>";
		};
/* End PBXGroup section */

/* Begin PBXNativeTarget section */
		31F17FD128B6CBC8006237D7 /* iOS Ketch Pref Center using SwiftUI */ = {
			isa = PBXNativeTarget;
			buildConfigurationList = 31F17FE028B6CBCD006237D7 /* Build configuration list for PBXNativeTarget "iOS Ketch Pref Center using SwiftUI" */;
			buildPhases = (
				31F17FCE28B6CBC8006237D7 /* Sources */,
				31F17FCF28B6CBC8006237D7 /* Frameworks */,
				31F17FD028B6CBC8006237D7 /* Resources */,
			);
			buildRules = (
			);
			dependencies = (
			);
			name = "iOS Ketch Pref Center using SwiftUI";
			productName = "iOS Pref Center Demo";
			productReference = 31F17FD228B6CBC8006237D7 /* iOS Ketch Pref Center using SwiftUI.app */;
			productType = "com.apple.product-type.application";
		};
/* End PBXNativeTarget section */

/* Begin PBXProject section */
		31F17FCA28B6CBC8006237D7 /* Project object */ = {
			isa = PBXProject;
			attributes = {
				BuildIndependentTargetsInParallel = 1;
				LastSwiftUpdateCheck = 1340;
				LastUpgradeCheck = 1340;
				TargetAttributes = {
					31F17FD128B6CBC8006237D7 = {
						CreatedOnToolsVersion = 13.4.1;
					};
				};
			};
			buildConfigurationList = 31F17FCD28B6CBC8006237D7 /* Build configuration list for PBXProject "iOS Ketch Pref Center using SwiftUI" */;
			compatibilityVersion = "Xcode 13.0";
			developmentRegion = en;
			hasScannedForEncodings = 0;
			knownRegions = (
				en,
				Base,
			);
			mainGroup = 31F17FC928B6CBC8006237D7;
			productRefGroup = 31F17FD328B6CBC8006237D7 /* Products */;
			projectDirPath = "";
			projectRoot = "";
			targets = (
				31F17FD128B6CBC8006237D7 /* iOS Ketch Pref Center using SwiftUI */,
			);
		};
/* End PBXProject section */

/* Begin PBXResourcesBuildPhase section */
		31F17FD028B6CBC8006237D7 /* Resources */ = {
			isa = PBXResourcesBuildPhase;
			buildActionMask = 2147483647;
			files = (
				31D8FE1428BD2534009E57F4 /* index.html in Resources */,
				31F17FDA28B6CBCD006237D7 /* Assets.xcassets in Resources */,
			);
			runOnlyForDeploymentPostprocessing = 0;
		};
/* End PBXResourcesBuildPhase section */

/* Begin PBXSourcesBuildPhase section */
		31F17FCE28B6CBC8006237D7 /* Sources */ = {
			isa = PBXSourcesBuildPhase;
			buildActionMask = 2147483647;
			files = (
				31F17FD828B6CBC8006237D7 /* ContentView.swift in Sources */,
				3A18975228E2226D00FE6518 /* ConsentView.swift in Sources */,
				31F17FD628B6CBC8006237D7 /* iOS_Pref_Center_DemoApp.swift in Sources */,
				3A3A638728E1EB5600CAB56D /* ConsentConfig.swift in Sources */,
			);
			runOnlyForDeploymentPostprocessing = 0;
		};
/* End PBXSourcesBuildPhase section */

/* Begin XCBuildConfiguration section */
		31F17FDE28B6CBCD006237D7 /* Debug */ = {
			isa = XCBuildConfiguration;
			buildSettings = {
				ALWAYS_SEARCH_USER_PATHS = NO;
				CLANG_ANALYZER_NONNULL = YES;
				CLANG_ANALYZER_NUMBER_OBJECT_CONVERSION = YES_AGGRESSIVE;
				CLANG_CXX_LANGUAGE_STANDARD = "gnu++17";
				CLANG_ENABLE_MODULES = YES;
				CLANG_ENABLE_OBJC_ARC = YES;
				CLANG_ENABLE_OBJC_WEAK = YES;
				CLANG_WARN_BLOCK_CAPTURE_AUTORELEASING = YES;
				CLANG_WARN_BOOL_CONVERSION = YES;
				CLANG_WARN_COMMA = YES;
				CLANG_WARN_CONSTANT_CONVERSION = YES;
				CLANG_WARN_DEPRECATED_OBJC_IMPLEMENTATIONS = YES;
				CLANG_WARN_DIRECT_OBJC_ISA_USAGE = YES_ERROR;
				CLANG_WARN_DOCUMENTATION_COMMENTS = YES;
				CLANG_WARN_EMPTY_BODY = YES;
				CLANG_WARN_ENUM_CONVERSION = YES;
				CLANG_WARN_INFINITE_RECURSION = YES;
				CLANG_WARN_INT_CONVERSION = YES;
				CLANG_WARN_NON_LITERAL_NULL_CONVERSION = YES;
				CLANG_WARN_OBJC_IMPLICIT_RETAIN_SELF = YES;
				CLANG_WARN_OBJC_LITERAL_CONVERSION = YES;
				CLANG_WARN_OBJC_ROOT_CLASS = YES_ERROR;
				CLANG_WARN_QUOTED_INCLUDE_IN_FRAMEWORK_HEADER = YES;
				CLANG_WARN_RANGE_LOOP_ANALYSIS = YES;
				CLANG_WARN_STRICT_PROTOTYPES = YES;
				CLANG_WARN_SUSPICIOUS_MOVE = YES;
				CLANG_WARN_UNGUARDED_AVAILABILITY = YES_AGGRESSIVE;
				CLANG_WARN_UNREACHABLE_CODE = YES;
				CLANG_WARN__DUPLICATE_METHOD_MATCH = YES;
				COPY_PHASE_STRIP = NO;
				DEBUG_INFORMATION_FORMAT = dwarf;
				ENABLE_STRICT_OBJC_MSGSEND = YES;
				ENABLE_TESTABILITY = YES;
				GCC_C_LANGUAGE_STANDARD = gnu11;
				GCC_DYNAMIC_NO_PIC = NO;
				GCC_NO_COMMON_BLOCKS = YES;
				GCC_OPTIMIZATION_LEVEL = 0;
				GCC_PREPROCESSOR_DEFINITIONS = (
					"DEBUG=1",
					"$(inherited)",
				);
				GCC_WARN_64_TO_32_BIT_CONVERSION = YES;
				GCC_WARN_ABOUT_RETURN_TYPE = YES_ERROR;
				GCC_WARN_UNDECLARED_SELECTOR = YES;
				GCC_WARN_UNINITIALIZED_AUTOS = YES_AGGRESSIVE;
				GCC_WARN_UNUSED_FUNCTION = YES;
				GCC_WARN_UNUSED_VARIABLE = YES;
				IPHONEOS_DEPLOYMENT_TARGET = 15.5;
				MTL_ENABLE_DEBUG_INFO = INCLUDE_SOURCE;
				MTL_FAST_MATH = YES;
				ONLY_ACTIVE_ARCH = YES;
				SDKROOT = iphoneos;
				SWIFT_ACTIVE_COMPILATION_CONDITIONS = DEBUG;
				SWIFT_OPTIMIZATION_LEVEL = "-Onone";
			};
			name = Debug;
		};
		31F17FDF28B6CBCD006237D7 /* Release */ = {
			isa = XCBuildConfiguration;
			buildSettings = {
				ALWAYS_SEARCH_USER_PATHS = NO;
				CLANG_ANALYZER_NONNULL = YES;
				CLANG_ANALYZER_NUMBER_OBJECT_CONVERSION = YES_AGGRESSIVE;
				CLANG_CXX_LANGUAGE_STANDARD = "gnu++17";
				CLANG_ENABLE_MODULES = YES;
				CLANG_ENABLE_OBJC_ARC = YES;
				CLANG_ENABLE_OBJC_WEAK = YES;
				CLANG_WARN_BLOCK_CAPTURE_AUTORELEASING = YES;
				CLANG_WARN_BOOL_CONVERSION = YES;
				CLANG_WARN_COMMA = YES;
				CLANG_WARN_CONSTANT_CONVERSION = YES;
				CLANG_WARN_DEPRECATED_OBJC_IMPLEMENTATIONS = YES;
				CLANG_WARN_DIRECT_OBJC_ISA_USAGE = YES_ERROR;
				CLANG_WARN_DOCUMENTATION_COMMENTS = YES;
				CLANG_WARN_EMPTY_BODY = YES;
				CLANG_WARN_ENUM_CONVERSION = YES;
				CLANG_WARN_INFINITE_RECURSION = YES;
				CLANG_WARN_INT_CONVERSION = YES;
				CLANG_WARN_NON_LITERAL_NULL_CONVERSION = YES;
				CLANG_WARN_OBJC_IMPLICIT_RETAIN_SELF = YES;
				CLANG_WARN_OBJC_LITERAL_CONVERSION = YES;
				CLANG_WARN_OBJC_ROOT_CLASS = YES_ERROR;
				CLANG_WARN_QUOTED_INCLUDE_IN_FRAMEWORK_HEADER = YES;
				CLANG_WARN_RANGE_LOOP_ANALYSIS = YES;
				CLANG_WARN_STRICT_PROTOTYPES = YES;
				CLANG_WARN_SUSPICIOUS_MOVE = YES;
				CLANG_WARN_UNGUARDED_AVAILABILITY = YES_AGGRESSIVE;
				CLANG_WARN_UNREACHABLE_CODE = YES;
				CLANG_WARN__DUPLICATE_METHOD_MATCH = YES;
				COPY_PHASE_STRIP = NO;
				DEBUG_INFORMATION_FORMAT = "dwarf-with-dsym";
				ENABLE_NS_ASSERTIONS = NO;
				ENABLE_STRICT_OBJC_MSGSEND = YES;
				GCC_C_LANGUAGE_STANDARD = gnu11;
				GCC_NO_COMMON_BLOCKS = YES;
				GCC_WARN_64_TO_32_BIT_CONVERSION = YES;
				GCC_WARN_ABOUT_RETURN_TYPE = YES_ERROR;
				GCC_WARN_UNDECLARED_SELECTOR = YES;
				GCC_WARN_UNINITIALIZED_AUTOS = YES_AGGRESSIVE;
				GCC_WARN_UNUSED_FUNCTION = YES;
				GCC_WARN_UNUSED_VARIABLE = YES;
				IPHONEOS_DEPLOYMENT_TARGET = 15.5;
				MTL_ENABLE_DEBUG_INFO = NO;
				MTL_FAST_MATH = YES;
				SDKROOT = iphoneos;
				SWIFT_COMPILATION_MODE = wholemodule;
				SWIFT_OPTIMIZATION_LEVEL = "-O";
				VALIDATE_PRODUCT = YES;
			};
			name = Release;
		};
		31F17FE128B6CBCD006237D7 /* Debug */ = {
			isa = XCBuildConfiguration;
			buildSettings = {
				ASSETCATALOG_COMPILER_APPICON_NAME = AppIcon;
				ASSETCATALOG_COMPILER_GLOBAL_ACCENT_COLOR_NAME = AccentColor;
				CODE_SIGN_STYLE = Automatic;
				CURRENT_PROJECT_VERSION = 1;
				DEVELOPMENT_TEAM = K265G3Z3K4;
				ENABLE_PREVIEWS = YES;
				GENERATE_INFOPLIST_FILE = YES;
				INFOPLIST_FILE = "iOS-Ketch-Pref-Center-using-SwiftUI-Info.plist";
				INFOPLIST_KEY_UIApplicationSceneManifest_Generation = YES;
				INFOPLIST_KEY_UIApplicationSupportsIndirectInputEvents = YES;
				INFOPLIST_KEY_UILaunchScreen_Generation = YES;
				INFOPLIST_KEY_UISupportedInterfaceOrientations_iPad = "UIInterfaceOrientationPortrait UIInterfaceOrientationPortraitUpsideDown UIInterfaceOrientationLandscapeLeft UIInterfaceOrientationLandscapeRight";
				INFOPLIST_KEY_UISupportedInterfaceOrientations_iPhone = "UIInterfaceOrientationPortrait UIInterfaceOrientationLandscapeLeft UIInterfaceOrientationLandscapeRight";
				LD_RUNPATH_SEARCH_PATHS = (
					"$(inherited)",
					"@executable_path/Frameworks",
				);
				MARKETING_VERSION = 1.0;
				PRODUCT_BUNDLE_IDENTIFIER = "Ketch.ios-ketch-pref-center-using-swiftui";
				PRODUCT_NAME = "$(TARGET_NAME)";
				SWIFT_EMIT_LOC_STRINGS = YES;
				SWIFT_VERSION = 5.0;
				TARGETED_DEVICE_FAMILY = "1,2";
			};
			name = Debug;
		};
		31F17FE228B6CBCD006237D7 /* Release */ = {
			isa = XCBuildConfiguration;
			buildSettings = {
				ASSETCATALOG_COMPILER_APPICON_NAME = AppIcon;
				ASSETCATALOG_COMPILER_GLOBAL_ACCENT_COLOR_NAME = AccentColor;
				CODE_SIGN_STYLE = Automatic;
				CURRENT_PROJECT_VERSION = 1;
				DEVELOPMENT_TEAM = K265G3Z3K4;
				ENABLE_PREVIEWS = YES;
				GENERATE_INFOPLIST_FILE = YES;
				INFOPLIST_FILE = "iOS-Ketch-Pref-Center-using-SwiftUI-Info.plist";
				INFOPLIST_KEY_UIApplicationSceneManifest_Generation = YES;
				INFOPLIST_KEY_UIApplicationSupportsIndirectInputEvents = YES;
				INFOPLIST_KEY_UILaunchScreen_Generation = YES;
				INFOPLIST_KEY_UISupportedInterfaceOrientations_iPad = "UIInterfaceOrientationPortrait UIInterfaceOrientationPortraitUpsideDown UIInterfaceOrientationLandscapeLeft UIInterfaceOrientationLandscapeRight";
				INFOPLIST_KEY_UISupportedInterfaceOrientations_iPhone = "UIInterfaceOrientationPortrait UIInterfaceOrientationLandscapeLeft UIInterfaceOrientationLandscapeRight";
				LD_RUNPATH_SEARCH_PATHS = (
					"$(inherited)",
					"@executable_path/Frameworks",
				);
				MARKETING_VERSION = 1.0;
				PRODUCT_BUNDLE_IDENTIFIER = "Ketch.ios-ketch-pref-center-using-swiftui";
				PRODUCT_NAME = "$(TARGET_NAME)";
				SWIFT_EMIT_LOC_STRINGS = YES;
				SWIFT_VERSION = 5.0;
				TARGETED_DEVICE_FAMILY = "1,2";
			};
			name = Release;
		};
/* End XCBuildConfiguration section */

/* Begin XCConfigurationList section */
		31F17FCD28B6CBC8006237D7 /* Build configuration list for PBXProject "iOS Ketch Pref Center using SwiftUI" */ = {
			isa = XCConfigurationList;
			buildConfigurations = (
				31F17FDE28B6CBCD006237D7 /* Debug */,
				31F17FDF28B6CBCD006237D7 /* Release */,
			);
			defaultConfigurationIsVisible = 0;
			defaultConfigurationName = Release;
		};
		31F17FE028B6CBCD006237D7 /* Build configuration list for PBXNativeTarget "iOS Ketch Pref Center using SwiftUI" */ = {
			isa = XCConfigurationList;
			buildConfigurations = (
				31F17FE128B6CBCD006237D7 /* Debug */,
				31F17FE228B6CBCD006237D7 /* Release */,
			);
			defaultConfigurationIsVisible = 0;
			defaultConfigurationName = Release;
		};
/* End XCConfigurationList section */
	};
	rootObject = 31F17FCA28B6CBC8006237D7 /* Project object */;
}
